// !$*UTF8*$!
{
	archiveVersion = 1;
	classes = {
	};
	objectVersion = 50;
	objects = {

/* Begin PBXBuildFile section */
		2A33E6EB25A0F76F00A1A5BF /* Config.swift in Sources */ = {isa = PBXBuildFile; fileRef = 2A33E6E925A0F76F00A1A5BF /* Config.swift */; };
		2A33E6EC25A0F76F00A1A5BF /* MediaGroupFilter.swift in Sources */ = {isa = PBXBuildFile; fileRef = 2A33E6EA25A0F76F00A1A5BF /* MediaGroupFilter.swift */; };
		E1321E502229A71600046C00 /* StopWatch.swift in Sources */ = {isa = PBXBuildFile; fileRef = E1321E4F2229A71600046C00 /* StopWatch.swift */; };
		E186D26022354098000BFCED /* FlatFolderDescriptor.swift in Sources */ = {isa = PBXBuildFile; fileRef = E186D25F22354098000BFCED /* FlatFolderDescriptor.swift */; };
		E1A55240222AB2EF00F72499 /* String+extensions.swift in Sources */ = {isa = PBXBuildFile; fileRef = E1A5523F222AB2EF00F72499 /* String+extensions.swift */; };
		E1B119262251DC8100B53693 /* Errors.swift in Sources */ = {isa = PBXBuildFile; fileRef = E1B119252251DC8100B53693 /* Errors.swift */; };
		E1E43AF6217CDABA000E76DF /* AppDelegate.swift in Sources */ = {isa = PBXBuildFile; fileRef = E1E43AF5217CDABA000E76DF /* AppDelegate.swift */; };
		E1E43B10217CDB54000E76DF /* MetadataLoader.swift in Sources */ = {isa = PBXBuildFile; fileRef = E1E43B08217CDB53000E76DF /* MetadataLoader.swift */; };
		E1E43B11217CDB54000E76DF /* IncrementalPhotosExporter.swift in Sources */ = {isa = PBXBuildFile; fileRef = E1E43B09217CDB53000E76DF /* IncrementalPhotosExporter.swift */; };
		E1E43B13217CDB54000E76DF /* MediaLibUtil.swift in Sources */ = {isa = PBXBuildFile; fileRef = E1E43B0B217CDB53000E76DF /* MediaLibUtil.swift */; };
		E1E43B1C217CDBE9000E76DF /* PhotosExporter.swift in Sources */ = {isa = PBXBuildFile; fileRef = E1E43B17217CDB6A000E76DF /* PhotosExporter.swift */; };
		E1E43B1D217CDBE9000E76DF /* SnapshotPhotosExporter.swift in Sources */ = {isa = PBXBuildFile; fileRef = E1E43B18217CDB6E000E76DF /* SnapshotPhotosExporter.swift */; };
		E1E43B43217CE0A9000E76DF /* MainExporter.swift in Sources */ = {isa = PBXBuildFile; fileRef = E1E43B42217CE0A9000E76DF /* MainExporter.swift */; };
		E1E43B46217CE0C8000E76DF /* Logger.swift in Sources */ = {isa = PBXBuildFile; fileRef = E1E43B44217CE0C8000E76DF /* Logger.swift */; };
		E1E43B63217CE16D000E76DF /* MainMenu.xib in Resources */ = {isa = PBXBuildFile; fileRef = E1E43B62217CE16D000E76DF /* MainMenu.xib */; };
		E1E43B65217CE1A0000E76DF /* filesystem-structure.png in Resources */ = {isa = PBXBuildFile; fileRef = E1E43B64217CE1A0000E76DF /* filesystem-structure.png */; };
/* End PBXBuildFile section */

/* Begin PBXFileReference section */
		2A33E6E925A0F76F00A1A5BF /* Config.swift */ = {isa = PBXFileReference; fileEncoding = 4; lastKnownFileType = sourcecode.swift; path = Config.swift; sourceTree = "<group>"; };
		2A33E6EA25A0F76F00A1A5BF /* MediaGroupFilter.swift */ = {isa = PBXFileReference; fileEncoding = 4; lastKnownFileType = sourcecode.swift; path = MediaGroupFilter.swift; sourceTree = "<group>"; };
		E1321E4F2229A71600046C00 /* StopWatch.swift */ = {isa = PBXFileReference; lastKnownFileType = sourcecode.swift; path = StopWatch.swift; sourceTree = "<group>"; };
		E186D25F22354098000BFCED /* FlatFolderDescriptor.swift */ = {isa = PBXFileReference; lastKnownFileType = sourcecode.swift; path = FlatFolderDescriptor.swift; sourceTree = "<group>"; };
		E1A5523F222AB2EF00F72499 /* String+extensions.swift */ = {isa = PBXFileReference; lastKnownFileType = sourcecode.swift; path = "String+extensions.swift"; sourceTree = "<group>"; };
		E1B119252251DC8100B53693 /* Errors.swift */ = {isa = PBXFileReference; lastKnownFileType = sourcecode.swift; path = Errors.swift; sourceTree = "<group>"; };
		E1E43AF2217CDABA000E76DF /* PhotosExporter.app */ = {isa = PBXFileReference; explicitFileType = wrapper.application; includeInIndex = 0; path = PhotosExporter.app; sourceTree = BUILT_PRODUCTS_DIR; };
		E1E43AF5217CDABA000E76DF /* AppDelegate.swift */ = {isa = PBXFileReference; lastKnownFileType = sourcecode.swift; path = AppDelegate.swift; sourceTree = "<group>"; };
		E1E43AFC217CDABA000E76DF /* Info.plist */ = {isa = PBXFileReference; lastKnownFileType = text.plist.xml; path = Info.plist; sourceTree = "<group>"; };
		E1E43B05217CDB29000E76DF /* Readme.md */ = {isa = PBXFileReference; lastKnownFileType = net.daringfireball.markdown; path = Readme.md; sourceTree = "<group>"; };
		E1E43B08217CDB53000E76DF /* MetadataLoader.swift */ = {isa = PBXFileReference; fileEncoding = 4; lastKnownFileType = sourcecode.swift; path = MetadataLoader.swift; sourceTree = "<group>"; };
		E1E43B09217CDB53000E76DF /* IncrementalPhotosExporter.swift */ = {isa = PBXFileReference; fileEncoding = 4; lastKnownFileType = sourcecode.swift; path = IncrementalPhotosExporter.swift; sourceTree = "<group>"; };
		E1E43B0B217CDB53000E76DF /* MediaLibUtil.swift */ = {isa = PBXFileReference; fileEncoding = 4; lastKnownFileType = sourcecode.swift; path = MediaLibUtil.swift; sourceTree = "<group>"; };
		E1E43B17217CDB6A000E76DF /* PhotosExporter.swift */ = {isa = PBXFileReference; lastKnownFileType = sourcecode.swift; path = PhotosExporter.swift; sourceTree = "<group>"; };
		E1E43B18217CDB6E000E76DF /* SnapshotPhotosExporter.swift */ = {isa = PBXFileReference; lastKnownFileType = sourcecode.swift; path = SnapshotPhotosExporter.swift; sourceTree = "<group>"; };
		E1E43B39217CDC73000E76DF /* PhotosExporter.entitlements */ = {isa = PBXFileReference; fileEncoding = 4; lastKnownFileType = text.plist.entitlements; path = PhotosExporter.entitlements; sourceTree = "<group>"; };
		E1E43B42217CE0A9000E76DF /* MainExporter.swift */ = {isa = PBXFileReference; fileEncoding = 4; lastKnownFileType = sourcecode.swift; path = MainExporter.swift; sourceTree = "<group>"; };
		E1E43B44217CE0C8000E76DF /* Logger.swift */ = {isa = PBXFileReference; fileEncoding = 4; lastKnownFileType = sourcecode.swift; path = Logger.swift; sourceTree = "<group>"; };
		E1E43B62217CE16D000E76DF /* MainMenu.xib */ = {isa = PBXFileReference; fileEncoding = 4; lastKnownFileType = file.xib; path = MainMenu.xib; sourceTree = "<group>"; };
		E1E43B64217CE1A0000E76DF /* filesystem-structure.png */ = {isa = PBXFileReference; lastKnownFileType = image.png; path = "filesystem-structure.png"; sourceTree = "<group>"; };
/* End PBXFileReference section */

/* Begin PBXFrameworksBuildPhase section */
		E1E43AEF217CDABA000E76DF /* Frameworks */ = {
			isa = PBXFrameworksBuildPhase;
			buildActionMask = 2147483647;
			files = (
			);
			runOnlyForDeploymentPostprocessing = 0;
		};
/* End PBXFrameworksBuildPhase section */

/* Begin PBXGroup section */
		E1E43AE9217CDABA000E76DF = {
			isa = PBXGroup;
			children = (
				E1E43B05217CDB29000E76DF /* Readme.md */,
				E1E43AF4217CDABA000E76DF /* PhotosExporter */,
				E1E43B3D217CDFED000E76DF /* doc */,
				E1E43AF3217CDABA000E76DF /* Products */,
			);
			sourceTree = "<group>";
		};
		E1E43AF3217CDABA000E76DF /* Products */ = {
			isa = PBXGroup;
			children = (
				E1E43AF2217CDABA000E76DF /* PhotosExporter.app */,
			);
			name = Products;
			sourceTree = "<group>";
		};
		E1E43AF4217CDABA000E76DF /* PhotosExporter */ = {
			isa = PBXGroup;
			children = (
				E1E43B42217CE0A9000E76DF /* MainExporter.swift */,
				E1E43AF5217CDABA000E76DF /* AppDelegate.swift */,
				E1E43B16217CDB62000E76DF /* exporter */,
				E1E43B19217CDB8C000E76DF /* util */,
				E1E43AFC217CDABA000E76DF /* Info.plist */,
				E1E43B62217CE16D000E76DF /* MainMenu.xib */,
				E1E43B39217CDC73000E76DF /* PhotosExporter.entitlements */,
			);
			path = PhotosExporter;
			sourceTree = "<group>";
		};
		E1E43B16217CDB62000E76DF /* exporter */ = {
			isa = PBXGroup;
			children = (
				2A33E6E925A0F76F00A1A5BF /* Config.swift */,
				2A33E6EA25A0F76F00A1A5BF /* MediaGroupFilter.swift */,
				E1E43B17217CDB6A000E76DF /* PhotosExporter.swift */,
				E1E43B18217CDB6E000E76DF /* SnapshotPhotosExporter.swift */,
				E1E43B09217CDB53000E76DF /* IncrementalPhotosExporter.swift */,
				E1E43B0B217CDB53000E76DF /* MediaLibUtil.swift */,
				E1E43B08217CDB53000E76DF /* MetadataLoader.swift */,
				E186D25F22354098000BFCED /* FlatFolderDescriptor.swift */,
			);
			path = exporter;
			sourceTree = "<group>";
		};
		E1E43B19217CDB8C000E76DF /* util */ = {
			isa = PBXGroup;
			children = (
				E1E43B44217CE0C8000E76DF /* Logger.swift */,
				E1321E4F2229A71600046C00 /* StopWatch.swift */,
				E1A5523F222AB2EF00F72499 /* String+extensions.swift */,
				E1B119252251DC8100B53693 /* Errors.swift */,
			);
			path = util;
			sourceTree = "<group>";
		};
		E1E43B3D217CDFED000E76DF /* doc */ = {
			isa = PBXGroup;
			children = (
				E1E43B64217CE1A0000E76DF /* filesystem-structure.png */,
			);
			path = doc;
			sourceTree = "<group>";
		};
/* End PBXGroup section */

/* Begin PBXNativeTarget section */
		E1E43AF1217CDABA000E76DF /* PhotosExporter */ = {
			isa = PBXNativeTarget;
			buildConfigurationList = E1E43B00217CDABA000E76DF /* Build configuration list for PBXNativeTarget "PhotosExporter" */;
			buildPhases = (
				E1E43AEE217CDABA000E76DF /* Sources */,
				E1E43AEF217CDABA000E76DF /* Frameworks */,
				E1E43AF0217CDABA000E76DF /* Resources */,
			);
			buildRules = (
			);
			dependencies = (
			);
			name = PhotosExporter;
			productName = PhotosExporter;
			productReference = E1E43AF2217CDABA000E76DF /* PhotosExporter.app */;
			productType = "com.apple.product-type.application";
		};
/* End PBXNativeTarget section */

/* Begin PBXProject section */
		E1E43AEA217CDABA000E76DF /* Project object */ = {
			isa = PBXProject;
			attributes = {
				LastSwiftUpdateCheck = 1000;
				LastUpgradeCheck = 1000;
				ORGANIZATIONNAME = "Andreas Bentele";
				TargetAttributes = {
					E1E43AF1217CDABA000E76DF = {
						CreatedOnToolsVersion = 10.0;
						LastSwiftMigration = 1020;
						SystemCapabilities = {
							com.apple.Sandbox = {
								enabled = 0;
							};
						};
					};
				};
			};
			buildConfigurationList = E1E43AED217CDABA000E76DF /* Build configuration list for PBXProject "PhotosExporter" */;
			compatibilityVersion = "Xcode 9.3";
			developmentRegion = en;
			hasScannedForEncodings = 0;
			knownRegions = (
				en,
				Base,
			);
			mainGroup = E1E43AE9217CDABA000E76DF;
			productRefGroup = E1E43AF3217CDABA000E76DF /* Products */;
			projectDirPath = "";
			projectRoot = "";
			targets = (
				E1E43AF1217CDABA000E76DF /* PhotosExporter */,
			);
		};
/* End PBXProject section */

/* Begin PBXResourcesBuildPhase section */
		E1E43AF0217CDABA000E76DF /* Resources */ = {
			isa = PBXResourcesBuildPhase;
			buildActionMask = 2147483647;
			files = (
				E1E43B65217CE1A0000E76DF /* filesystem-structure.png in Resources */,
				E1E43B63217CE16D000E76DF /* MainMenu.xib in Resources */,
			);
			runOnlyForDeploymentPostprocessing = 0;
		};
/* End PBXResourcesBuildPhase section */

/* Begin PBXSourcesBuildPhase section */
		E1E43AEE217CDABA000E76DF /* Sources */ = {
			isa = PBXSourcesBuildPhase;
			buildActionMask = 2147483647;
			files = (
				E1E43B43217CE0A9000E76DF /* MainExporter.swift in Sources */,
				E1E43B1C217CDBE9000E76DF /* PhotosExporter.swift in Sources */,
				E1321E502229A71600046C00 /* StopWatch.swift in Sources */,
				E1E43B1D217CDBE9000E76DF /* SnapshotPhotosExporter.swift in Sources */,
				E1B119262251DC8100B53693 /* Errors.swift in Sources */,
				E1A55240222AB2EF00F72499 /* String+extensions.swift in Sources */,
				2A33E6EC25A0F76F00A1A5BF /* MediaGroupFilter.swift in Sources */,
				2A33E6EB25A0F76F00A1A5BF /* Config.swift in Sources */,
				E1E43AF6217CDABA000E76DF /* AppDelegate.swift in Sources */,
				E1E43B13217CDB54000E76DF /* MediaLibUtil.swift in Sources */,
				E186D26022354098000BFCED /* FlatFolderDescriptor.swift in Sources */,
				E1E43B11217CDB54000E76DF /* IncrementalPhotosExporter.swift in Sources */,
				E1E43B10217CDB54000E76DF /* MetadataLoader.swift in Sources */,
				E1E43B46217CE0C8000E76DF /* Logger.swift in Sources */,
			);
			runOnlyForDeploymentPostprocessing = 0;
		};
/* End PBXSourcesBuildPhase section */

/* Begin XCBuildConfiguration section */
		E1E43AFE217CDABA000E76DF /* Debug */ = {
			isa = XCBuildConfiguration;
			buildSettings = {
				ALWAYS_SEARCH_USER_PATHS = NO;
				CLANG_ANALYZER_NONNULL = YES;
				CLANG_ANALYZER_NUMBER_OBJECT_CONVERSION = YES_AGGRESSIVE;
				CLANG_CXX_LANGUAGE_STANDARD = "gnu++14";
				CLANG_CXX_LIBRARY = "libc++";
				CLANG_ENABLE_MODULES = YES;
				CLANG_ENABLE_OBJC_ARC = YES;
				CLANG_ENABLE_OBJC_WEAK = YES;
				CLANG_WARN_BLOCK_CAPTURE_AUTORELEASING = YES;
				CLANG_WARN_BOOL_CONVERSION = YES;
				CLANG_WARN_COMMA = YES;
				CLANG_WARN_CONSTANT_CONVERSION = YES;
				CLANG_WARN_DEPRECATED_OBJC_IMPLEMENTATIONS = YES;
				CLANG_WARN_DIRECT_OBJC_ISA_USAGE = YES_ERROR;
				CLANG_WARN_DOCUMENTATION_COMMENTS = YES;
				CLANG_WARN_EMPTY_BODY = YES;
				CLANG_WARN_ENUM_CONVERSION = YES;
				CLANG_WARN_INFINITE_RECURSION = YES;
				CLANG_WARN_INT_CONVERSION = YES;
				CLANG_WARN_NON_LITERAL_NULL_CONVERSION = YES;
				CLANG_WARN_OBJC_IMPLICIT_RETAIN_SELF = YES;
				CLANG_WARN_OBJC_LITERAL_CONVERSION = YES;
				CLANG_WARN_OBJC_ROOT_CLASS = YES_ERROR;
				CLANG_WARN_RANGE_LOOP_ANALYSIS = YES;
				CLANG_WARN_STRICT_PROTOTYPES = YES;
				CLANG_WARN_SUSPICIOUS_MOVE = YES;
				CLANG_WARN_UNGUARDED_AVAILABILITY = YES_AGGRESSIVE;
				CLANG_WARN_UNREACHABLE_CODE = YES;
				CLANG_WARN__DUPLICATE_METHOD_MATCH = YES;
				CODE_SIGN_IDENTITY = "-";
				COPY_PHASE_STRIP = NO;
				DEBUG_INFORMATION_FORMAT = dwarf;
				ENABLE_STRICT_OBJC_MSGSEND = YES;
				ENABLE_TESTABILITY = YES;
				GCC_C_LANGUAGE_STANDARD = gnu11;
				GCC_DYNAMIC_NO_PIC = NO;
				GCC_NO_COMMON_BLOCKS = YES;
				GCC_OPTIMIZATION_LEVEL = 0;
				GCC_PREPROCESSOR_DEFINITIONS = (
					"DEBUG=1",
					"$(inherited)",
				);
				GCC_WARN_64_TO_32_BIT_CONVERSION = YES;
				GCC_WARN_ABOUT_RETURN_TYPE = YES_ERROR;
				GCC_WARN_UNDECLARED_SELECTOR = YES;
				GCC_WARN_UNINITIALIZED_AUTOS = YES_AGGRESSIVE;
				GCC_WARN_UNUSED_FUNCTION = YES;
				GCC_WARN_UNUSED_VARIABLE = YES;
				MACOSX_DEPLOYMENT_TARGET = 10.13;
				MTL_ENABLE_DEBUG_INFO = INCLUDE_SOURCE;
				MTL_FAST_MATH = YES;
				ONLY_ACTIVE_ARCH = YES;
				SDKROOT = macosx;
				SWIFT_ACTIVE_COMPILATION_CONDITIONS = DEBUG;
				SWIFT_OPTIMIZATION_LEVEL = "-Onone";
			};
			name = Debug;
		};
		E1E43AFF217CDABA000E76DF /* Release */ = {
			isa = XCBuildConfiguration;
			buildSettings = {
				ALWAYS_SEARCH_USER_PATHS = NO;
				CLANG_ANALYZER_NONNULL = YES;
				CLANG_ANALYZER_NUMBER_OBJECT_CONVERSION = YES_AGGRESSIVE;
				CLANG_CXX_LANGUAGE_STANDARD = "gnu++14";
				CLANG_CXX_LIBRARY = "libc++";
				CLANG_ENABLE_MODULES = YES;
				CLANG_ENABLE_OBJC_ARC = YES;
				CLANG_ENABLE_OBJC_WEAK = YES;
				CLANG_WARN_BLOCK_CAPTURE_AUTORELEASING = YES;
				CLANG_WARN_BOOL_CONVERSION = YES;
				CLANG_WARN_COMMA = YES;
				CLANG_WARN_CONSTANT_CONVERSION = YES;
				CLANG_WARN_DEPRECATED_OBJC_IMPLEMENTATIONS = YES;
				CLANG_WARN_DIRECT_OBJC_ISA_USAGE = YES_ERROR;
				CLANG_WARN_DOCUMENTATION_COMMENTS = YES;
				CLANG_WARN_EMPTY_BODY = YES;
				CLANG_WARN_ENUM_CONVERSION = YES;
				CLANG_WARN_INFINITE_RECURSION = YES;
				CLANG_WARN_INT_CONVERSION = YES;
				CLANG_WARN_NON_LITERAL_NULL_CONVERSION = YES;
				CLANG_WARN_OBJC_IMPLICIT_RETAIN_SELF = YES;
				CLANG_WARN_OBJC_LITERAL_CONVERSION = YES;
				CLANG_WARN_OBJC_ROOT_CLASS = YES_ERROR;
				CLANG_WARN_RANGE_LOOP_ANALYSIS = YES;
				CLANG_WARN_STRICT_PROTOTYPES = YES;
				CLANG_WARN_SUSPICIOUS_MOVE = YES;
				CLANG_WARN_UNGUARDED_AVAILABILITY = YES_AGGRESSIVE;
				CLANG_WARN_UNREACHABLE_CODE = YES;
				CLANG_WARN__DUPLICATE_METHOD_MATCH = YES;
				CODE_SIGN_IDENTITY = "-";
				COPY_PHASE_STRIP = NO;
				DEBUG_INFORMATION_FORMAT = "dwarf-with-dsym";
				ENABLE_NS_ASSERTIONS = NO;
				ENABLE_STRICT_OBJC_MSGSEND = YES;
				GCC_C_LANGUAGE_STANDARD = gnu11;
				GCC_NO_COMMON_BLOCKS = YES;
				GCC_WARN_64_TO_32_BIT_CONVERSION = YES;
				GCC_WARN_ABOUT_RETURN_TYPE = YES_ERROR;
				GCC_WARN_UNDECLARED_SELECTOR = YES;
				GCC_WARN_UNINITIALIZED_AUTOS = YES_AGGRESSIVE;
				GCC_WARN_UNUSED_FUNCTION = YES;
				GCC_WARN_UNUSED_VARIABLE = YES;
				MACOSX_DEPLOYMENT_TARGET = 10.13;
				MTL_ENABLE_DEBUG_INFO = NO;
				MTL_FAST_MATH = YES;
				SDKROOT = macosx;
				SWIFT_COMPILATION_MODE = wholemodule;
				SWIFT_OPTIMIZATION_LEVEL = "-O";
			};
			name = Release;
		};
		E1E43B01217CDABA000E76DF /* Debug */ = {
			isa = XCBuildConfiguration;
			buildSettings = {
				ASSETCATALOG_COMPILER_APPICON_NAME = AppIcon;
				CODE_SIGN_STYLE = Automatic;
				COMBINE_HIDPI_IMAGES = YES;
				INFOPLIST_FILE = PhotosExporter/Info.plist;
				LD_RUNPATH_SEARCH_PATHS = (
					"$(inherited)",
					"@executable_path/../Frameworks",
				);
				PRODUCT_BUNDLE_IDENTIFIER = com.bentele.PhotosExporter;
				PRODUCT_NAME = "$(TARGET_NAME)";
				SWIFT_VERSION = 4.2;
			};
			name = Debug;
		};
		E1E43B02217CDABA000E76DF /* Release */ = {
			isa = XCBuildConfiguration;
			buildSettings = {
				ASSETCATALOG_COMPILER_APPICON_NAME = AppIcon;
				CODE_SIGN_STYLE = Automatic;
				COMBINE_HIDPI_IMAGES = YES;
				INFOPLIST_FILE = PhotosExporter/Info.plist;
				LD_RUNPATH_SEARCH_PATHS = (
					"$(inherited)",
					"@executable_path/../Frameworks",
				);
				PRODUCT_BUNDLE_IDENTIFIER = com.bentele.PhotosExporter;
				PRODUCT_NAME = "$(TARGET_NAME)";
				SWIFT_VERSION = 4.2;
			};
			name = Release;
		};
/* End XCBuildConfiguration section */

/* Begin XCConfigurationList section */
		E1E43AED217CDABA000E76DF /* Build configuration list for PBXProject "PhotosExporter" */ = {
			isa = XCConfigurationList;
			buildConfigurations = (
				E1E43AFE217CDABA000E76DF /* Debug */,
				E1E43AFF217CDABA000E76DF /* Release */,
			);
			defaultConfigurationIsVisible = 0;
			defaultConfigurationName = Release;
		};
		E1E43B00217CDABA000E76DF /* Build configuration list for PBXNativeTarget "PhotosExporter" */ = {
			isa = XCConfigurationList;
			buildConfigurations = (
				E1E43B01217CDABA000E76DF /* Debug */,
				E1E43B02217CDABA000E76DF /* Release */,
			);
			defaultConfigurationIsVisible = 0;
			defaultConfigurationName = Release;
		};
/* End XCConfigurationList section */
	};
	rootObject = E1E43AEA217CDABA000E76DF /* Project object */;
}
